
Microsoft Visual Studio Solution File, Format Version 12.00
# Visual Studio Version 17
VisualStudioVersion = 17.0.31912.275
MinimumVisualStudioVersion = 10.0.40219.1
Project("{9A19103F-16F7-4668-BE54-9A1E7A4F7556}") = "Redstone", "Redstone\Redstone.csproj", "{0DD4B0E9-DB5B-4079-BE43-6DFBFD7FA865}"
EndProject
Project("{FAE04EC0-301F-11D3-BF4B-00C04F79EFBC}") = "RedstoneCLI", "RedstoneCLI\RedstoneCLI.csproj", "{973E63CC-BF31-434D-9370-9DB0ED0A9E06}"
EndProject
Global
	GlobalSection(SolutionConfigurationPlatforms) = preSolution
		Debug|Any CPU = Debug|Any CPU
		Release|Any CPU = Release|Any CPU
	EndGlobalSection
	GlobalSection(ProjectConfigurationPlatforms) = postSolution
		{0DD4B0E9-DB5B-4079-BE43-6DFBFD7FA865}.Debug|Any CPU.ActiveCfg = Debug|Any CPU
		{0DD4B0E9-DB5B-4079-BE43-6DFBFD7FA865}.Debug|Any CPU.Build.0 = Debug|Any CPU
		{0DD4B0E9-DB5B-4079-BE43-6DFBFD7FA865}.Release|Any CPU.ActiveCfg = Release|Any CPU
		{0DD4B0E9-DB5B-4079-BE43-6DFBFD7FA865}.Release|Any CPU.Build.0 = Release|Any CPU
		{973E63CC-BF31-434D-9370-9DB0ED0A9E06}.Debug|Any CPU.ActiveCfg = Debug|Any CPU
		{973E63CC-BF31-434D-9370-9DB0ED0A9E06}.Debug|Any CPU.Build.0 = Debug|Any CPU
		{973E63CC-BF31-434D-9370-9DB0ED0A9E06}.Release|Any CPU.ActiveCfg = Release|Any CPU
		{973E63CC-BF31-434D-9370-9DB0ED0A9E06}.Release|Any CPU.Build.0 = Release|Any CPU
	EndGlobalSection
	GlobalSection(SolutionProperties) = preSolution
		HideSolutionNode = FALSE
	EndGlobalSection
	GlobalSection(ExtensibilityGlobals) = postSolution
		SolutionGuid = {270C00DD-DD18-47E2-B786-D0B67D0CF4C5}
	EndGlobalSection
EndGlobal
