
Microsoft Visual Studio Solution File, Format Version 12.00
# Visual Studio Version 16
VisualStudioVersion = 16.0.30413.136
MinimumVisualStudioVersion = 10.0.40219.1
Project("{FAE04EC0-301F-11D3-BF4B-00C04F79EFBC}") = "Block Editor", "Block Editor\Block Editor.csproj", "{4581C556-6B6B-4EC6-9369-495E9EDC7A8B}"
EndProject
Global
	GlobalSection(SolutionConfigurationPlatforms) = preSolution
		Debug|Any CPU = Debug|Any CPU
		Release|Any CPU = Release|Any CPU
	EndGlobalSection
	GlobalSection(ProjectConfigurationPlatforms) = postSolution
		{4581C556-6B6B-4EC6-9369-495E9EDC7A8B}.Debug|Any CPU.ActiveCfg = Debug|Any CPU
		{4581C556-6B6B-4EC6-9369-495E9EDC7A8B}.Debug|Any CPU.Build.0 = Debug|Any CPU
		{4581C556-6B6B-4EC6-9369-495E9EDC7A8B}.Release|Any CPU.ActiveCfg = Release|Any CPU
		{4581C556-6B6B-4EC6-9369-495E9EDC7A8B}.Release|Any CPU.Build.0 = Release|Any CPU
	EndGlobalSection
	GlobalSection(SolutionProperties) = preSolution
		HideSolutionNode = FALSE
	EndGlobalSection
	GlobalSection(ExtensibilityGlobals) = postSolution
		SolutionGuid = {EB17375F-99B2-4B14-BAC5-4839B42F8362}
	EndGlobalSection
EndGlobal
